// !$*UTF8*$!
{
	archiveVersion = 1;
	classes = {
	};
	objectVersion = 55;
	objects = {

/* Begin PBXBuildFile section */
		0DF8457D6514467E572267C5 /* Pods_iCookPad.framework in Frameworks */ = {isa = PBXBuildFile; fileRef = AE538706518F362E57FBAE12 /* Pods_iCookPad.framework */; };
		A332D9B728318F1B0020FC30 /* AppDelegate.swift in Sources */ = {isa = PBXBuildFile; fileRef = A332D9B628318F1B0020FC30 /* AppDelegate.swift */; };
		A332D9B928318F1B0020FC30 /* SceneDelegate.swift in Sources */ = {isa = PBXBuildFile; fileRef = A332D9B828318F1B0020FC30 /* SceneDelegate.swift */; };
		A332D9C128318F1B0020FC30 /* iCookPad.xcdatamodeld in Sources */ = {isa = PBXBuildFile; fileRef = A332D9BF28318F1B0020FC30 /* iCookPad.xcdatamodeld */; };
		A332D9C328318F1D0020FC30 /* Assets.xcassets in Resources */ = {isa = PBXBuildFile; fileRef = A332D9C228318F1D0020FC30 /* Assets.xcassets */; };
		A332D9C628318F1D0020FC30 /* LaunchScreen.storyboard in Resources */ = {isa = PBXBuildFile; fileRef = A332D9C428318F1D0020FC30 /* LaunchScreen.storyboard */; };
		A332D9D42831A5660020FC30 /* MainTabController.swift in Sources */ = {isa = PBXBuildFile; fileRef = A332D9D32831A5660020FC30 /* MainTabController.swift */; };
		A332D9D72831A72B0020FC30 /* MainTabControllerViewModel.swift in Sources */ = {isa = PBXBuildFile; fileRef = A332D9D62831A72B0020FC30 /* MainTabControllerViewModel.swift */; };
		A332D9E52831AC630020FC30 /* ToDoListViewController.swift in Sources */ = {isa = PBXBuildFile; fileRef = A332D9E42831AC630020FC30 /* ToDoListViewController.swift */; };
		A332D9E72831AC830020FC30 /* ToDoListViewModel.swift in Sources */ = {isa = PBXBuildFile; fileRef = A332D9E62831AC820020FC30 /* ToDoListViewModel.swift */; };
		A332D9EB2831AE890020FC30 /* SettingViewModel.swift in Sources */ = {isa = PBXBuildFile; fileRef = A332D9EA2831AE890020FC30 /* SettingViewModel.swift */; };
		A332D9EE2831AEA70020FC30 /* SettingsViewController.swift in Sources */ = {isa = PBXBuildFile; fileRef = A332D9ED2831AEA70020FC30 /* SettingsViewController.swift */; };
		A34724F92835540A004EBEC1 /* CheifChoiceView.swift in Sources */ = {isa = PBXBuildFile; fileRef = A34724F82835540A004EBEC1 /* CheifChoiceView.swift */; };
		A34724FB28355B9D004EBEC1 /* APIsCaller.swift in Sources */ = {isa = PBXBuildFile; fileRef = A34724FA28355B9D004EBEC1 /* APIsCaller.swift */; };
		A34724FE28355C70004EBEC1 /* RecipeModel.swift in Sources */ = {isa = PBXBuildFile; fileRef = A34724FD28355C70004EBEC1 /* RecipeModel.swift */; };
		A347250328356418004EBEC1 /* API PrivateInformations.swift in Sources */ = {isa = PBXBuildFile; fileRef = A347250228356418004EBEC1 /* API PrivateInformations.swift */; };
		A34725062835D5D4004EBEC1 /* SDWebImage in Frameworks */ = {isa = PBXBuildFile; productRef = A34725052835D5D4004EBEC1 /* SDWebImage */; };
		A34725082835D5D4004EBEC1 /* SDWebImageMapKit in Frameworks */ = {isa = PBXBuildFile; productRef = A34725072835D5D4004EBEC1 /* SDWebImageMapKit */; };
		A347250A2835E1D9004EBEC1 /* Converters.swift in Sources */ = {isa = PBXBuildFile; fileRef = A34725092835E1D9004EBEC1 /* Converters.swift */; };
		A3524C292832ED21007077C7 /* ColorsExtension.swift in Sources */ = {isa = PBXBuildFile; fileRef = A3524C282832ED21007077C7 /* ColorsExtension.swift */; };
		A35D59E62832FACC007FFC49 /* MasterPieceTableViewCell.swift in Sources */ = {isa = PBXBuildFile; fileRef = A35D59E52832FACC007FFC49 /* MasterPieceTableViewCell.swift */; };
		A35D59EA28330333007FFC49 /* ItemsContainerView.swift in Sources */ = {isa = PBXBuildFile; fileRef = A35D59E928330333007FFC49 /* ItemsContainerView.swift */; };
		A35D59ED2833099D007FFC49 /* TitleLabel.swift in Sources */ = {isa = PBXBuildFile; fileRef = A35D59EC2833099D007FFC49 /* TitleLabel.swift */; };
		A35D59EF28330E40007FFC49 /* PreviewImageView.swift in Sources */ = {isa = PBXBuildFile; fileRef = A35D59EE28330E40007FFC49 /* PreviewImageView.swift */; };
		A35D59F1283340A7007FFC49 /* SecondaryLabel.swift in Sources */ = {isa = PBXBuildFile; fileRef = A35D59F0283340A7007FFC49 /* SecondaryLabel.swift */; };
		A35D59F328334348007FFC49 /* PropretyContainerView.swift in Sources */ = {isa = PBXBuildFile; fileRef = A35D59F228334348007FFC49 /* PropretyContainerView.swift */; };
		A37B7FDB283840A100C0EFDE /* RandomSweetySaltySectionTableViewCell.swift in Sources */ = {isa = PBXBuildFile; fileRef = A37B7FDA283840A100C0EFDE /* RandomSweetySaltySectionTableViewCell.swift */; };
		A37B7FDD28384CDD00C0EFDE /* SaltySweetyTableViewCell.swift in Sources */ = {isa = PBXBuildFile; fileRef = A37B7FDC28384CDD00C0EFDE /* SaltySweetyTableViewCell.swift */; };
		A37BE969283AB25900D78D81 /* iconImageView.swift in Sources */ = {isa = PBXBuildFile; fileRef = A37BE968283AB25900D78D81 /* iconImageView.swift */; };
		A38144452837DAF500F09342 /* Recipe Difficulty Algorithme.swift in Sources */ = {isa = PBXBuildFile; fileRef = A38144442837DAF500F09342 /* Recipe Difficulty Algorithme.swift */; };
		A3E49F332833CE280009816C /* DifficultyContainerView.swift in Sources */ = {isa = PBXBuildFile; fileRef = A3E49F322833CE270009816C /* DifficultyContainerView.swift */; };
		A3E49F362833CEAC0009816C /* DifficultyCellView.swift in Sources */ = {isa = PBXBuildFile; fileRef = A3E49F352833CEAC0009816C /* DifficultyCellView.swift */; };
		A3E85FE92831C989009BED96 /* TheKitchedViewModel.swift in Sources */ = {isa = PBXBuildFile; fileRef = A3E85FE82831C989009BED96 /* TheKitchedViewModel.swift */; };
		A3E85FEB2831C9A2009BED96 /* TheKitchenViewController.swift in Sources */ = {isa = PBXBuildFile; fileRef = A3E85FEA2831C9A1009BED96 /* TheKitchenViewController.swift */; };
/* End PBXBuildFile section */

/* Begin PBXFileReference section */
		A332D9B328318F1B0020FC30 /* iCookPad.app */ = {isa = PBXFileReference; explicitFileType = wrapper.application; includeInIndex = 0; path = iCookPad.app; sourceTree = BUILT_PRODUCTS_DIR; };
		A332D9B628318F1B0020FC30 /* AppDelegate.swift */ = {isa = PBXFileReference; lastKnownFileType = sourcecode.swift; path = AppDelegate.swift; sourceTree = "<group>"; };
		A332D9B828318F1B0020FC30 /* SceneDelegate.swift */ = {isa = PBXFileReference; lastKnownFileType = sourcecode.swift; path = SceneDelegate.swift; sourceTree = "<group>"; };
		A332D9C028318F1B0020FC30 /* iCookPad.xcdatamodel */ = {isa = PBXFileReference; lastKnownFileType = wrapper.xcdatamodel; path = iCookPad.xcdatamodel; sourceTree = "<group>"; };
		A332D9C228318F1D0020FC30 /* Assets.xcassets */ = {isa = PBXFileReference; lastKnownFileType = folder.assetcatalog; path = Assets.xcassets; sourceTree = "<group>"; };
		A332D9C528318F1D0020FC30 /* Base */ = {isa = PBXFileReference; lastKnownFileType = file.storyboard; name = Base; path = Base.lproj/LaunchScreen.storyboard; sourceTree = "<group>"; };
		A332D9C728318F1D0020FC30 /* Info.plist */ = {isa = PBXFileReference; lastKnownFileType = text.plist.xml; path = Info.plist; sourceTree = "<group>"; };
		A332D9D32831A5660020FC30 /* MainTabController.swift */ = {isa = PBXFileReference; lastKnownFileType = sourcecode.swift; path = MainTabController.swift; sourceTree = "<group>"; };
		A332D9D62831A72B0020FC30 /* MainTabControllerViewModel.swift */ = {isa = PBXFileReference; lastKnownFileType = sourcecode.swift; path = MainTabControllerViewModel.swift; sourceTree = "<group>"; };
		A332D9E42831AC630020FC30 /* ToDoListViewController.swift */ = {isa = PBXFileReference; lastKnownFileType = sourcecode.swift; path = ToDoListViewController.swift; sourceTree = "<group>"; };
		A332D9E62831AC820020FC30 /* ToDoListViewModel.swift */ = {isa = PBXFileReference; lastKnownFileType = sourcecode.swift; path = ToDoListViewModel.swift; sourceTree = "<group>"; };
		A332D9EA2831AE890020FC30 /* SettingViewModel.swift */ = {isa = PBXFileReference; lastKnownFileType = sourcecode.swift; path = SettingViewModel.swift; sourceTree = "<group>"; };
		A332D9ED2831AEA70020FC30 /* SettingsViewController.swift */ = {isa = PBXFileReference; lastKnownFileType = sourcecode.swift; path = SettingsViewController.swift; sourceTree = "<group>"; };
		A34724F82835540A004EBEC1 /* CheifChoiceView.swift */ = {isa = PBXFileReference; lastKnownFileType = sourcecode.swift; path = CheifChoiceView.swift; sourceTree = "<group>"; };
		A34724FA28355B9D004EBEC1 /* APIsCaller.swift */ = {isa = PBXFileReference; lastKnownFileType = sourcecode.swift; path = APIsCaller.swift; sourceTree = "<group>"; };
		A34724FD28355C70004EBEC1 /* RecipeModel.swift */ = {isa = PBXFileReference; lastKnownFileType = sourcecode.swift; path = RecipeModel.swift; sourceTree = "<group>"; };
		A347250128355DC2004EBEC1 /* JSON Response example.md */ = {isa = PBXFileReference; lastKnownFileType = net.daringfireball.markdown; path = "JSON Response example.md"; sourceTree = "<group>"; };
		A347250228356418004EBEC1 /* API PrivateInformations.swift */ = {isa = PBXFileReference; lastKnownFileType = sourcecode.swift; path = "API PrivateInformations.swift"; sourceTree = "<group>"; };
		A34725092835E1D9004EBEC1 /* Converters.swift */ = {isa = PBXFileReference; lastKnownFileType = sourcecode.swift; path = Converters.swift; sourceTree = "<group>"; };
		A3524C282832ED21007077C7 /* ColorsExtension.swift */ = {isa = PBXFileReference; lastKnownFileType = sourcecode.swift; path = ColorsExtension.swift; sourceTree = "<group>"; };
		A35D59E52832FACC007FFC49 /* MasterPieceTableViewCell.swift */ = {isa = PBXFileReference; lastKnownFileType = sourcecode.swift; path = MasterPieceTableViewCell.swift; sourceTree = "<group>"; };
		A35D59E928330333007FFC49 /* ItemsContainerView.swift */ = {isa = PBXFileReference; lastKnownFileType = sourcecode.swift; path = ItemsContainerView.swift; sourceTree = "<group>"; };
		A35D59EC2833099D007FFC49 /* TitleLabel.swift */ = {isa = PBXFileReference; lastKnownFileType = sourcecode.swift; path = TitleLabel.swift; sourceTree = "<group>"; };
		A35D59EE28330E40007FFC49 /* PreviewImageView.swift */ = {isa = PBXFileReference; lastKnownFileType = sourcecode.swift; path = PreviewImageView.swift; sourceTree = "<group>"; };
		A35D59F0283340A7007FFC49 /* SecondaryLabel.swift */ = {isa = PBXFileReference; lastKnownFileType = sourcecode.swift; path = SecondaryLabel.swift; sourceTree = "<group>"; };
		A35D59F228334348007FFC49 /* PropretyContainerView.swift */ = {isa = PBXFileReference; lastKnownFileType = sourcecode.swift; path = PropretyContainerView.swift; sourceTree = "<group>"; };
		A37B7FDA283840A100C0EFDE /* RandomSweetySaltySectionTableViewCell.swift */ = {isa = PBXFileReference; lastKnownFileType = sourcecode.swift; path = RandomSweetySaltySectionTableViewCell.swift; sourceTree = "<group>"; };
		A37B7FDC28384CDD00C0EFDE /* SaltySweetyTableViewCell.swift */ = {isa = PBXFileReference; lastKnownFileType = sourcecode.swift; path = SaltySweetyTableViewCell.swift; sourceTree = "<group>"; };
		A37BE968283AB25900D78D81 /* iconImageView.swift */ = {isa = PBXFileReference; lastKnownFileType = sourcecode.swift; path = iconImageView.swift; sourceTree = "<group>"; };
		A38144442837DAF500F09342 /* Recipe Difficulty Algorithme.swift */ = {isa = PBXFileReference; lastKnownFileType = sourcecode.swift; path = "Recipe Difficulty Algorithme.swift"; sourceTree = "<group>"; };
		A3E49F322833CE270009816C /* DifficultyContainerView.swift */ = {isa = PBXFileReference; lastKnownFileType = sourcecode.swift; path = DifficultyContainerView.swift; sourceTree = "<group>"; };
		A3E49F352833CEAC0009816C /* DifficultyCellView.swift */ = {isa = PBXFileReference; lastKnownFileType = sourcecode.swift; path = DifficultyCellView.swift; sourceTree = "<group>"; };
		A3E85FE82831C989009BED96 /* TheKitchedViewModel.swift */ = {isa = PBXFileReference; lastKnownFileType = sourcecode.swift; path = TheKitchedViewModel.swift; sourceTree = "<group>"; };
		A3E85FEA2831C9A1009BED96 /* TheKitchenViewController.swift */ = {isa = PBXFileReference; lastKnownFileType = sourcecode.swift; path = TheKitchenViewController.swift; sourceTree = "<group>"; };
		AE538706518F362E57FBAE12 /* Pods_iCookPad.framework */ = {isa = PBXFileReference; explicitFileType = wrapper.framework; includeInIndex = 0; path = Pods_iCookPad.framework; sourceTree = BUILT_PRODUCTS_DIR; };
		DBA0CB1674A40DBC422E6862 /* Pods-iCookPad.release.xcconfig */ = {isa = PBXFileReference; includeInIndex = 1; lastKnownFileType = text.xcconfig; name = "Pods-iCookPad.release.xcconfig"; path = "Target Support Files/Pods-iCookPad/Pods-iCookPad.release.xcconfig"; sourceTree = "<group>"; };
		F54034ABB74FB69C20768301 /* Pods-iCookPad.debug.xcconfig */ = {isa = PBXFileReference; includeInIndex = 1; lastKnownFileType = text.xcconfig; name = "Pods-iCookPad.debug.xcconfig"; path = "Target Support Files/Pods-iCookPad/Pods-iCookPad.debug.xcconfig"; sourceTree = "<group>"; };
/* End PBXFileReference section */

/* Begin PBXFrameworksBuildPhase section */
		A332D9B028318F1B0020FC30 /* Frameworks */ = {
			isa = PBXFrameworksBuildPhase;
			buildActionMask = 2147483647;
			files = (
				A34725082835D5D4004EBEC1 /* SDWebImageMapKit in Frameworks */,
				A34725062835D5D4004EBEC1 /* SDWebImage in Frameworks */,
				0DF8457D6514467E572267C5 /* Pods_iCookPad.framework in Frameworks */,
			);
			runOnlyForDeploymentPostprocessing = 0;
		};
/* End PBXFrameworksBuildPhase section */

/* Begin PBXGroup section */
		041EE50AE7C6167D133A2266 /* Frameworks */ = {
			isa = PBXGroup;
			children = (
				AE538706518F362E57FBAE12 /* Pods_iCookPad.framework */,
			);
			name = Frameworks;
			sourceTree = "<group>";
		};
		9F3141BDCB58850550BF3AA8 /* Pods */ = {
			isa = PBXGroup;
			children = (
				F54034ABB74FB69C20768301 /* Pods-iCookPad.debug.xcconfig */,
				DBA0CB1674A40DBC422E6862 /* Pods-iCookPad.release.xcconfig */,
			);
			name = Pods;
			path = Pods;
			sourceTree = "<group>";
		};
		A332D9AA28318F1B0020FC30 = {
			isa = PBXGroup;
			children = (
				A332D9B528318F1B0020FC30 /* iCookPad */,
				A332D9B428318F1B0020FC30 /* Products */,
				9F3141BDCB58850550BF3AA8 /* Pods */,
				041EE50AE7C6167D133A2266 /* Frameworks */,
			);
			sourceTree = "<group>";
		};
		A332D9B428318F1B0020FC30 /* Products */ = {
			isa = PBXGroup;
			children = (
				A332D9B328318F1B0020FC30 /* iCookPad.app */,
			);
			name = Products;
			sourceTree = "<group>";
		};
		A332D9B528318F1B0020FC30 /* iCookPad */ = {
			isa = PBXGroup;
			children = (
				A332D9CD2831A2940020FC30 /* Ressources */,
				A34724FC28355C5C004EBEC1 /* Model */,
				A332D9CE2831A2B60020FC30 /* Extensions */,
				A332D9D02831A4030020FC30 /* Managers */,
				A3524C272832EBD1007077C7 /* Networking */,
				A332D9CF2831A3180020FC30 /* Controllers */,
				A332D9C228318F1D0020FC30 /* Assets.xcassets */,
				A332D9C428318F1D0020FC30 /* LaunchScreen.storyboard */,
				A332D9C728318F1D0020FC30 /* Info.plist */,
				A332D9BF28318F1B0020FC30 /* iCookPad.xcdatamodeld */,
			);
			path = iCookPad;
			sourceTree = "<group>";
		};
		A332D9CD2831A2940020FC30 /* Ressources */ = {
			isa = PBXGroup;
			children = (
				A332D9B628318F1B0020FC30 /* AppDelegate.swift */,
				A332D9B828318F1B0020FC30 /* SceneDelegate.swift */,
			);
			path = Ressources;
			sourceTree = "<group>";
		};
		A332D9CE2831A2B60020FC30 /* Extensions */ = {
			isa = PBXGroup;
			children = (
				A3524C282832ED21007077C7 /* ColorsExtension.swift */,
				A34725092835E1D9004EBEC1 /* Converters.swift */,
				A38144442837DAF500F09342 /* Recipe Difficulty Algorithme.swift */,
			);
			path = Extensions;
			sourceTree = "<group>";
		};
		A332D9CF2831A3180020FC30 /* Controllers */ = {
			isa = PBXGroup;
			children = (
				A332D9D82831A7FA0020FC30 /* Core */,
				A332D9D12831A47E0020FC30 /* Main Tab Bar */,
			);
			path = Controllers;
			sourceTree = "<group>";
		};
		A332D9D02831A4030020FC30 /* Managers */ = {
			isa = PBXGroup;
			children = (
				A37B7FD72838400B00C0EFDE /* CoreData Manager */,
			);
			path = Managers;
			sourceTree = "<group>";
		};
		A332D9D12831A47E0020FC30 /* Main Tab Bar */ = {
			isa = PBXGroup;
			children = (
				A332D9D52831A6470020FC30 /* View */,
				A332D9D22831A4F50020FC30 /* View Model */,
			);
			path = "Main Tab Bar";
			sourceTree = "<group>";
		};
		A332D9D22831A4F50020FC30 /* View Model */ = {
			isa = PBXGroup;
			children = (
				A332D9D62831A72B0020FC30 /* MainTabControllerViewModel.swift */,
			);
			path = "View Model";
			sourceTree = "<group>";
		};
		A332D9D52831A6470020FC30 /* View */ = {
			isa = PBXGroup;
			children = (
				A332D9D32831A5660020FC30 /* MainTabController.swift */,
			);
			path = View;
			sourceTree = "<group>";
		};
		A332D9D82831A7FA0020FC30 /* Core */ = {
			isa = PBXGroup;
			children = (
				A332D9D92831A8180020FC30 /* TheKitchen */,
				A332D9DA2831A8240020FC30 /* To do list */,
				A332D9E12831AC0D0020FC30 /* Settings */,
			);
			path = Core;
			sourceTree = "<group>";
		};
		A332D9D92831A8180020FC30 /* TheKitchen */ = {
			isa = PBXGroup;
			children = (
				A332D9DB2831A91C0020FC30 /* View */,
				A332D9DC2831A92B0020FC30 /* ViewModel */,
				A3E85FEA2831C9A1009BED96 /* TheKitchenViewController.swift */,
			);
			path = TheKitchen;
			sourceTree = "<group>";
		};
		A332D9DA2831A8240020FC30 /* To do list */ = {
			isa = PBXGroup;
			children = (
				A332D9E32831AC450020FC30 /* ViewModel */,
				A332D9E22831AC400020FC30 /* View */,
			);
			path = "To do list";
			sourceTree = "<group>";
		};
		A332D9DB2831A91C0020FC30 /* View */ = {
			isa = PBXGroup;
			children = (
				A37B7FD82838406400C0EFDE /* first cell */,
				A37B7FD92838407900C0EFDE /* second cell */,
				A35D59EB28330942007FFC49 /* Labels */,
				A35D59E8283302FB007FFC49 /* Containers */,
				A35D59E7283302EB007FFC49 /* Images */,
			);
			path = View;
			sourceTree = "<group>";
		};
		A332D9DC2831A92B0020FC30 /* ViewModel */ = {
			isa = PBXGroup;
			children = (
				A3E85FE82831C989009BED96 /* TheKitchedViewModel.swift */,
			);
			path = ViewModel;
			sourceTree = "<group>";
		};
		A332D9E12831AC0D0020FC30 /* Settings */ = {
			isa = PBXGroup;
			children = (
				A332D9E92831AE690020FC30 /* ViewModel */,
				A332D9E82831AE590020FC30 /* View */,
			);
			path = Settings;
			sourceTree = "<group>";
		};
		A332D9E22831AC400020FC30 /* View */ = {
			isa = PBXGroup;
			children = (
				A332D9E42831AC630020FC30 /* ToDoListViewController.swift */,
			);
			path = View;
			sourceTree = "<group>";
		};
		A332D9E32831AC450020FC30 /* ViewModel */ = {
			isa = PBXGroup;
			children = (
				A332D9E62831AC820020FC30 /* ToDoListViewModel.swift */,
			);
			path = ViewModel;
			sourceTree = "<group>";
		};
		A332D9E82831AE590020FC30 /* View */ = {
			isa = PBXGroup;
			children = (
				A332D9ED2831AEA70020FC30 /* SettingsViewController.swift */,
			);
			path = View;
			sourceTree = "<group>";
		};
		A332D9E92831AE690020FC30 /* ViewModel */ = {
			isa = PBXGroup;
			children = (
				A332D9EA2831AE890020FC30 /* SettingViewModel.swift */,
			);
			path = ViewModel;
			sourceTree = "<group>";
		};
		A34724FC28355C5C004EBEC1 /* Model */ = {
			isa = PBXGroup;
			children = (
				A34724FD28355C70004EBEC1 /* RecipeModel.swift */,
				A347250128355DC2004EBEC1 /* JSON Response example.md */,
			);
			path = Model;
			sourceTree = "<group>";
		};
		A3524C272832EBD1007077C7 /* Networking */ = {
			isa = PBXGroup;
			children = (
				A34724FA28355B9D004EBEC1 /* APIsCaller.swift */,
				A347250228356418004EBEC1 /* API PrivateInformations.swift */,
			);
			path = Networking;
			sourceTree = "<group>";
		};
		A35D59E7283302EB007FFC49 /* Images */ = {
			isa = PBXGroup;
			children = (
				A35D59EE28330E40007FFC49 /* PreviewImageView.swift */,
				A37BE968283AB25900D78D81 /* iconImageView.swift */,
			);
			path = Images;
			sourceTree = "<group>";
		};
		A35D59E8283302FB007FFC49 /* Containers */ = {
			isa = PBXGroup;
			children = (
				A35D59F228334348007FFC49 /* PropretyContainerView.swift */,
				A35D59E928330333007FFC49 /* ItemsContainerView.swift */,
				A3E49F342833CE7E0009816C /* Difficulty container */,
			);
			path = Containers;
			sourceTree = "<group>";
		};
		A35D59EB28330942007FFC49 /* Labels */ = {
			isa = PBXGroup;
			children = (
				A35D59EC2833099D007FFC49 /* TitleLabel.swift */,
				A35D59F0283340A7007FFC49 /* SecondaryLabel.swift */,
			);
			path = Labels;
			sourceTree = "<group>";
		};
		A37B7FD72838400B00C0EFDE /* CoreData Manager */ = {
			isa = PBXGroup;
			children = (
			);
			path = "CoreData Manager";
			sourceTree = "<group>";
		};
		A37B7FD82838406400C0EFDE /* first cell */ = {
			isa = PBXGroup;
			children = (
				A34724F82835540A004EBEC1 /* CheifChoiceView.swift */,
				A35D59E52832FACC007FFC49 /* MasterPieceTableViewCell.swift */,
			);
			path = "first cell";
			sourceTree = "<group>";
		};
		A37B7FD92838407900C0EFDE /* second cell */ = {
			isa = PBXGroup;
			children = (
				A37B7FDA283840A100C0EFDE /* RandomSweetySaltySectionTableViewCell.swift */,
				A37B7FDC28384CDD00C0EFDE /* SaltySweetyTableViewCell.swift */,
			);
			path = "second cell";
			sourceTree = "<group>";
		};
		A3E49F342833CE7E0009816C /* Difficulty container */ = {
			isa = PBXGroup;
			children = (
				A3E49F322833CE270009816C /* DifficultyContainerView.swift */,
				A3E49F352833CEAC0009816C /* DifficultyCellView.swift */,
			);
			path = "Difficulty container";
			sourceTree = "<group>";
		};
/* End PBXGroup section */

/* Begin PBXNativeTarget section */
		A332D9B228318F1B0020FC30 /* iCookPad */ = {
			isa = PBXNativeTarget;
			buildConfigurationList = A332D9CA28318F1D0020FC30 /* Build configuration list for PBXNativeTarget "iCookPad" */;
			buildPhases = (
				7DBDBE97590B59C9D45CAA51 /* [CP] Check Pods Manifest.lock */,
				A332D9AF28318F1B0020FC30 /* Sources */,
				A332D9B028318F1B0020FC30 /* Frameworks */,
				A332D9B128318F1B0020FC30 /* Resources */,
				0A68F101B691879937B653CA /* [CP] Embed Pods Frameworks */,
			);
			buildRules = (
			);
			dependencies = (
			);
			name = iCookPad;
			packageProductDependencies = (
				A34725052835D5D4004EBEC1 /* SDWebImage */,
				A34725072835D5D4004EBEC1 /* SDWebImageMapKit */,
			);
			productName = iCookPad;
			productReference = A332D9B328318F1B0020FC30 /* iCookPad.app */;
			productType = "com.apple.product-type.application";
		};
/* End PBXNativeTarget section */

/* Begin PBXProject section */
		A332D9AB28318F1B0020FC30 /* Project object */ = {
			isa = PBXProject;
			attributes = {
				BuildIndependentTargetsInParallel = 1;
				LastSwiftUpdateCheck = 1320;
				LastUpgradeCheck = 1320;
				TargetAttributes = {
					A332D9B228318F1B0020FC30 = {
						CreatedOnToolsVersion = 13.2.1;
					};
				};
			};
			buildConfigurationList = A332D9AE28318F1B0020FC30 /* Build configuration list for PBXProject "iCookPad" */;
			compatibilityVersion = "Xcode 13.0";
			developmentRegion = en;
			hasScannedForEncodings = 0;
			knownRegions = (
				en,
				Base,
			);
			mainGroup = A332D9AA28318F1B0020FC30;
			packageReferences = (
				A34725042835D5D4004EBEC1 /* XCRemoteSwiftPackageReference "SDWebImage.git" */,
			);
			productRefGroup = A332D9B428318F1B0020FC30 /* Products */;
			projectDirPath = "";
			projectRoot = "";
			targets = (
				A332D9B228318F1B0020FC30 /* iCookPad */,
			);
		};
/* End PBXProject section */

/* Begin PBXResourcesBuildPhase section */
		A332D9B128318F1B0020FC30 /* Resources */ = {
			isa = PBXResourcesBuildPhase;
			buildActionMask = 2147483647;
			files = (
				A332D9C628318F1D0020FC30 /* LaunchScreen.storyboard in Resources */,
				A332D9C328318F1D0020FC30 /* Assets.xcassets in Resources */,
			);
			runOnlyForDeploymentPostprocessing = 0;
		};
/* End PBXResourcesBuildPhase section */

/* Begin PBXShellScriptBuildPhase section */
		0A68F101B691879937B653CA /* [CP] Embed Pods Frameworks */ = {
			isa = PBXShellScriptBuildPhase;
			buildActionMask = 2147483647;
			files = (
			);
			inputFileListPaths = (
				"${PODS_ROOT}/Target Support Files/Pods-iCookPad/Pods-iCookPad-frameworks-${CONFIGURATION}-input-files.xcfilelist",
			);
			name = "[CP] Embed Pods Frameworks";
			outputFileListPaths = (
				"${PODS_ROOT}/Target Support Files/Pods-iCookPad/Pods-iCookPad-frameworks-${CONFIGURATION}-output-files.xcfilelist",
			);
			runOnlyForDeploymentPostprocessing = 0;
			shellPath = /bin/sh;
			shellScript = "\"${PODS_ROOT}/Target Support Files/Pods-iCookPad/Pods-iCookPad-frameworks.sh\"\n";
			showEnvVarsInLog = 0;
		};
		7DBDBE97590B59C9D45CAA51 /* [CP] Check Pods Manifest.lock */ = {
			isa = PBXShellScriptBuildPhase;
			buildActionMask = 2147483647;
			files = (
			);
			inputFileListPaths = (
			);
			inputPaths = (
				"${PODS_PODFILE_DIR_PATH}/Podfile.lock",
				"${PODS_ROOT}/Manifest.lock",
			);
			name = "[CP] Check Pods Manifest.lock";
			outputFileListPaths = (
			);
			outputPaths = (
				"$(DERIVED_FILE_DIR)/Pods-iCookPad-checkManifestLockResult.txt",
			);
			runOnlyForDeploymentPostprocessing = 0;
			shellPath = /bin/sh;
			shellScript = "diff \"${PODS_PODFILE_DIR_PATH}/Podfile.lock\" \"${PODS_ROOT}/Manifest.lock\" > /dev/null\nif [ $? != 0 ] ; then\n    # print error to STDERR\n    echo \"error: The sandbox is not in sync with the Podfile.lock. Run 'pod install' or update your CocoaPods installation.\" >&2\n    exit 1\nfi\n# This output is used by Xcode 'outputs' to avoid re-running this script phase.\necho \"SUCCESS\" > \"${SCRIPT_OUTPUT_FILE_0}\"\n";
			showEnvVarsInLog = 0;
		};
/* End PBXShellScriptBuildPhase section */

/* Begin PBXSourcesBuildPhase section */
		A332D9AF28318F1B0020FC30 /* Sources */ = {
			isa = PBXSourcesBuildPhase;
			buildActionMask = 2147483647;
			files = (
				A332D9E72831AC830020FC30 /* ToDoListViewModel.swift in Sources */,
				A35D59EF28330E40007FFC49 /* PreviewImageView.swift in Sources */,
				A332D9E52831AC630020FC30 /* ToDoListViewController.swift in Sources */,
				A35D59E62832FACC007FFC49 /* MasterPieceTableViewCell.swift in Sources */,
				A34724FB28355B9D004EBEC1 /* APIsCaller.swift in Sources */,
				A35D59ED2833099D007FFC49 /* TitleLabel.swift in Sources */,
				A38144452837DAF500F09342 /* Recipe Difficulty Algorithme.swift in Sources */,
				A34724F92835540A004EBEC1 /* CheifChoiceView.swift in Sources */,
				A332D9EE2831AEA70020FC30 /* SettingsViewController.swift in Sources */,
				A332D9B728318F1B0020FC30 /* AppDelegate.swift in Sources */,
				A332D9B928318F1B0020FC30 /* SceneDelegate.swift in Sources */,
				A3E85FE92831C989009BED96 /* TheKitchedViewModel.swift in Sources */,
				A332D9EB2831AE890020FC30 /* SettingViewModel.swift in Sources */,
				A332D9D72831A72B0020FC30 /* MainTabControllerViewModel.swift in Sources */,
				A34724FE28355C70004EBEC1 /* RecipeModel.swift in Sources */,
				A347250328356418004EBEC1 /* API PrivateInformations.swift in Sources */,
				A332D9D42831A5660020FC30 /* MainTabController.swift in Sources */,
				A332D9C128318F1B0020FC30 /* iCookPad.xcdatamodeld in Sources */,
				A37B7FDB283840A100C0EFDE /* RandomSweetySaltySectionTableViewCell.swift in Sources */,
				A35D59F1283340A7007FFC49 /* SecondaryLabel.swift in Sources */,
				A347250A2835E1D9004EBEC1 /* Converters.swift in Sources */,
				A37BE969283AB25900D78D81 /* iconImageView.swift in Sources */,
				A35D59EA28330333007FFC49 /* ItemsContainerView.swift in Sources */,
				A3E85FEB2831C9A2009BED96 /* TheKitchenViewController.swift in Sources */,
				A3524C292832ED21007077C7 /* ColorsExtension.swift in Sources */,
				A37B7FDD28384CDD00C0EFDE /* SaltySweetyTableViewCell.swift in Sources */,
				A3E49F362833CEAC0009816C /* DifficultyCellView.swift in Sources */,
				A35D59F328334348007FFC49 /* PropretyContainerView.swift in Sources */,
				A3E49F332833CE280009816C /* DifficultyContainerView.swift in Sources */,
			);
			runOnlyForDeploymentPostprocessing = 0;
		};
/* End PBXSourcesBuildPhase section */

/* Begin PBXVariantGroup section */
		A332D9C428318F1D0020FC30 /* LaunchScreen.storyboard */ = {
			isa = PBXVariantGroup;
			children = (
				A332D9C528318F1D0020FC30 /* Base */,
			);
			name = LaunchScreen.storyboard;
			sourceTree = "<group>";
		};
/* End PBXVariantGroup section */

/* Begin XCBuildConfiguration section */
		A332D9C828318F1D0020FC30 /* Debug */ = {
			isa = XCBuildConfiguration;
			buildSettings = {
				ALWAYS_SEARCH_USER_PATHS = NO;
				CLANG_ANALYZER_NONNULL = YES;
				CLANG_ANALYZER_NUMBER_OBJECT_CONVERSION = YES_AGGRESSIVE;
				CLANG_CXX_LANGUAGE_STANDARD = "gnu++17";
				CLANG_CXX_LIBRARY = "libc++";
				CLANG_ENABLE_MODULES = YES;
				CLANG_ENABLE_OBJC_ARC = YES;
				CLANG_ENABLE_OBJC_WEAK = YES;
				CLANG_WARN_BLOCK_CAPTURE_AUTORELEASING = YES;
				CLANG_WARN_BOOL_CONVERSION = YES;
				CLANG_WARN_COMMA = YES;
				CLANG_WARN_CONSTANT_CONVERSION = YES;
				CLANG_WARN_DEPRECATED_OBJC_IMPLEMENTATIONS = YES;
				CLANG_WARN_DIRECT_OBJC_ISA_USAGE = YES_ERROR;
				CLANG_WARN_DOCUMENTATION_COMMENTS = YES;
				CLANG_WARN_EMPTY_BODY = YES;
				CLANG_WARN_ENUM_CONVERSION = YES;
				CLANG_WARN_INFINITE_RECURSION = YES;
				CLANG_WARN_INT_CONVERSION = YES;
				CLANG_WARN_NON_LITERAL_NULL_CONVERSION = YES;
				CLANG_WARN_OBJC_IMPLICIT_RETAIN_SELF = YES;
				CLANG_WARN_OBJC_LITERAL_CONVERSION = YES;
				CLANG_WARN_OBJC_ROOT_CLASS = YES_ERROR;
				CLANG_WARN_QUOTED_INCLUDE_IN_FRAMEWORK_HEADER = YES;
				CLANG_WARN_RANGE_LOOP_ANALYSIS = YES;
				CLANG_WARN_STRICT_PROTOTYPES = YES;
				CLANG_WARN_SUSPICIOUS_MOVE = YES;
				CLANG_WARN_UNGUARDED_AVAILABILITY = YES_AGGRESSIVE;
				CLANG_WARN_UNREACHABLE_CODE = YES;
				CLANG_WARN__DUPLICATE_METHOD_MATCH = YES;
				COPY_PHASE_STRIP = NO;
				DEBUG_INFORMATION_FORMAT = dwarf;
				ENABLE_STRICT_OBJC_MSGSEND = YES;
				ENABLE_TESTABILITY = YES;
				GCC_C_LANGUAGE_STANDARD = gnu11;
				GCC_DYNAMIC_NO_PIC = NO;
				GCC_NO_COMMON_BLOCKS = YES;
				GCC_OPTIMIZATION_LEVEL = 0;
				GCC_PREPROCESSOR_DEFINITIONS = (
					"DEBUG=1",
					"$(inherited)",
				);
				GCC_WARN_64_TO_32_BIT_CONVERSION = YES;
				GCC_WARN_ABOUT_RETURN_TYPE = YES_ERROR;
				GCC_WARN_UNDECLARED_SELECTOR = YES;
				GCC_WARN_UNINITIALIZED_AUTOS = YES_AGGRESSIVE;
				GCC_WARN_UNUSED_FUNCTION = YES;
				GCC_WARN_UNUSED_VARIABLE = YES;
				IPHONEOS_DEPLOYMENT_TARGET = 15.2;
				MTL_ENABLE_DEBUG_INFO = INCLUDE_SOURCE;
				MTL_FAST_MATH = YES;
				ONLY_ACTIVE_ARCH = YES;
				SDKROOT = iphoneos;
				SWIFT_ACTIVE_COMPILATION_CONDITIONS = DEBUG;
				SWIFT_OPTIMIZATION_LEVEL = "-Onone";
			};
			name = Debug;
		};
		A332D9C928318F1D0020FC30 /* Release */ = {
			isa = XCBuildConfiguration;
			buildSettings = {
				ALWAYS_SEARCH_USER_PATHS = NO;
				CLANG_ANALYZER_NONNULL = YES;
				CLANG_ANALYZER_NUMBER_OBJECT_CONVERSION = YES_AGGRESSIVE;
				CLANG_CXX_LANGUAGE_STANDARD = "gnu++17";
				CLANG_CXX_LIBRARY = "libc++";
				CLANG_ENABLE_MODULES = YES;
				CLANG_ENABLE_OBJC_ARC = YES;
				CLANG_ENABLE_OBJC_WEAK = YES;
				CLANG_WARN_BLOCK_CAPTURE_AUTORELEASING = YES;
				CLANG_WARN_BOOL_CONVERSION = YES;
				CLANG_WARN_COMMA = YES;
				CLANG_WARN_CONSTANT_CONVERSION = YES;
				CLANG_WARN_DEPRECATED_OBJC_IMPLEMENTATIONS = YES;
				CLANG_WARN_DIRECT_OBJC_ISA_USAGE = YES_ERROR;
				CLANG_WARN_DOCUMENTATION_COMMENTS = YES;
				CLANG_WARN_EMPTY_BODY = YES;
				CLANG_WARN_ENUM_CONVERSION = YES;
				CLANG_WARN_INFINITE_RECURSION = YES;
				CLANG_WARN_INT_CONVERSION = YES;
				CLANG_WARN_NON_LITERAL_NULL_CONVERSION = YES;
				CLANG_WARN_OBJC_IMPLICIT_RETAIN_SELF = YES;
				CLANG_WARN_OBJC_LITERAL_CONVERSION = YES;
				CLANG_WARN_OBJC_ROOT_CLASS = YES_ERROR;
				CLANG_WARN_QUOTED_INCLUDE_IN_FRAMEWORK_HEADER = YES;
				CLANG_WARN_RANGE_LOOP_ANALYSIS = YES;
				CLANG_WARN_STRICT_PROTOTYPES = YES;
				CLANG_WARN_SUSPICIOUS_MOVE = YES;
				CLANG_WARN_UNGUARDED_AVAILABILITY = YES_AGGRESSIVE;
				CLANG_WARN_UNREACHABLE_CODE = YES;
				CLANG_WARN__DUPLICATE_METHOD_MATCH = YES;
				COPY_PHASE_STRIP = NO;
				DEBUG_INFORMATION_FORMAT = "dwarf-with-dsym";
				ENABLE_NS_ASSERTIONS = NO;
				ENABLE_STRICT_OBJC_MSGSEND = YES;
				GCC_C_LANGUAGE_STANDARD = gnu11;
				GCC_NO_COMMON_BLOCKS = YES;
				GCC_WARN_64_TO_32_BIT_CONVERSION = YES;
				GCC_WARN_ABOUT_RETURN_TYPE = YES_ERROR;
				GCC_WARN_UNDECLARED_SELECTOR = YES;
				GCC_WARN_UNINITIALIZED_AUTOS = YES_AGGRESSIVE;
				GCC_WARN_UNUSED_FUNCTION = YES;
				GCC_WARN_UNUSED_VARIABLE = YES;
				IPHONEOS_DEPLOYMENT_TARGET = 15.2;
				MTL_ENABLE_DEBUG_INFO = NO;
				MTL_FAST_MATH = YES;
				SDKROOT = iphoneos;
				SWIFT_COMPILATION_MODE = wholemodule;
				SWIFT_OPTIMIZATION_LEVEL = "-O";
				VALIDATE_PRODUCT = YES;
			};
			name = Release;
		};
		A332D9CB28318F1D0020FC30 /* Debug */ = {
			isa = XCBuildConfiguration;
			baseConfigurationReference = F54034ABB74FB69C20768301 /* Pods-iCookPad.debug.xcconfig */;
			buildSettings = {
				ASSETCATALOG_COMPILER_APPICON_NAME = AppIcon;
				ASSETCATALOG_COMPILER_GLOBAL_ACCENT_COLOR_NAME = AccentColor;
				CODE_SIGN_STYLE = Automatic;
				CURRENT_PROJECT_VERSION = 1;
				DEVELOPMENT_TEAM = X7FBND7W68;
				GENERATE_INFOPLIST_FILE = YES;
				INFOPLIST_FILE = iCookPad/Info.plist;
				INFOPLIST_KEY_UIApplicationSupportsIndirectInputEvents = YES;
				INFOPLIST_KEY_UILaunchStoryboardName = LaunchScreen;
				INFOPLIST_KEY_UIStatusBarHidden = YES;
				INFOPLIST_KEY_UISupportedInterfaceOrientations_iPad = "UIInterfaceOrientationPortrait UIInterfaceOrientationPortraitUpsideDown UIInterfaceOrientationLandscapeLeft UIInterfaceOrientationLandscapeRight";
				INFOPLIST_KEY_UISupportedInterfaceOrientations_iPhone = "UIInterfaceOrientationPortrait UIInterfaceOrientationLandscapeLeft UIInterfaceOrientationLandscapeRight";
				LD_RUNPATH_SEARCH_PATHS = (
					"$(inherited)",
					"@executable_path/Frameworks",
				);
				MARKETING_VERSION = 1.0;
				PRODUCT_BUNDLE_IDENTIFIER = com.Joseph.iCookPad;
				PRODUCT_NAME = "$(TARGET_NAME)";
				SWIFT_EMIT_LOC_STRINGS = YES;
				SWIFT_VERSION = 5.0;
				TARGETED_DEVICE_FAMILY = "1,2";
			};
			name = Debug;
		};
		A332D9CC28318F1D0020FC30 /* Release */ = {
			isa = XCBuildConfiguration;
			baseConfigurationReference = DBA0CB1674A40DBC422E6862 /* Pods-iCookPad.release.xcconfig */;
			buildSettings = {
				ASSETCATALOG_COMPILER_APPICON_NAME = AppIcon;
				ASSETCATALOG_COMPILER_GLOBAL_ACCENT_COLOR_NAME = AccentColor;
				CODE_SIGN_STYLE = Automatic;
				CURRENT_PROJECT_VERSION = 1;
				DEVELOPMENT_TEAM = X7FBND7W68;
				GENERATE_INFOPLIST_FILE = YES;
				INFOPLIST_FILE = iCookPad/Info.plist;
				INFOPLIST_KEY_UIApplicationSupportsIndirectInputEvents = YES;
				INFOPLIST_KEY_UILaunchStoryboardName = LaunchScreen;
				INFOPLIST_KEY_UIStatusBarHidden = YES;
				INFOPLIST_KEY_UISupportedInterfaceOrientations_iPad = "UIInterfaceOrientationPortrait UIInterfaceOrientationPortraitUpsideDown UIInterfaceOrientationLandscapeLeft UIInterfaceOrientationLandscapeRight";
				INFOPLIST_KEY_UISupportedInterfaceOrientations_iPhone = "UIInterfaceOrientationPortrait UIInterfaceOrientationLandscapeLeft UIInterfaceOrientationLandscapeRight";
				LD_RUNPATH_SEARCH_PATHS = (
					"$(inherited)",
					"@executable_path/Frameworks",
				);
				MARKETING_VERSION = 1.0;
				PRODUCT_BUNDLE_IDENTIFIER = com.Joseph.iCookPad;
				PRODUCT_NAME = "$(TARGET_NAME)";
				SWIFT_EMIT_LOC_STRINGS = YES;
				SWIFT_VERSION = 5.0;
				TARGETED_DEVICE_FAMILY = "1,2";
			};
			name = Release;
		};
/* End XCBuildConfiguration section */

/* Begin XCConfigurationList section */
		A332D9AE28318F1B0020FC30 /* Build configuration list for PBXProject "iCookPad" */ = {
			isa = XCConfigurationList;
			buildConfigurations = (
				A332D9C828318F1D0020FC30 /* Debug */,
				A332D9C928318F1D0020FC30 /* Release */,
			);
			defaultConfigurationIsVisible = 0;
			defaultConfigurationName = Release;
		};
		A332D9CA28318F1D0020FC30 /* Build configuration list for PBXNativeTarget "iCookPad" */ = {
			isa = XCConfigurationList;
			buildConfigurations = (
				A332D9CB28318F1D0020FC30 /* Debug */,
				A332D9CC28318F1D0020FC30 /* Release */,
			);
			defaultConfigurationIsVisible = 0;
			defaultConfigurationName = Release;
		};
/* End XCConfigurationList section */

/* Begin XCRemoteSwiftPackageReference section */
		A34725042835D5D4004EBEC1 /* XCRemoteSwiftPackageReference "SDWebImage.git" */ = {
			isa = XCRemoteSwiftPackageReference;
			repositoryURL = "https://github.com/SDWebImage/SDWebImage.git";
			requirement = {
				branch = master;
				kind = branch;
			};
		};
/* End XCRemoteSwiftPackageReference section */

/* Begin XCSwiftPackageProductDependency section */
		A34725052835D5D4004EBEC1 /* SDWebImage */ = {
			isa = XCSwiftPackageProductDependency;
			package = A34725042835D5D4004EBEC1 /* XCRemoteSwiftPackageReference "SDWebImage.git" */;
			productName = SDWebImage;
		};
		A34725072835D5D4004EBEC1 /* SDWebImageMapKit */ = {
			isa = XCSwiftPackageProductDependency;
			package = A34725042835D5D4004EBEC1 /* XCRemoteSwiftPackageReference "SDWebImage.git" */;
			productName = SDWebImageMapKit;
		};
/* End XCSwiftPackageProductDependency section */

/* Begin XCVersionGroup section */
		A332D9BF28318F1B0020FC30 /* iCookPad.xcdatamodeld */ = {
			isa = XCVersionGroup;
			children = (
				A332D9C028318F1B0020FC30 /* iCookPad.xcdatamodel */,
			);
			currentVersion = A332D9C028318F1B0020FC30 /* iCookPad.xcdatamodel */;
			path = iCookPad.xcdatamodeld;
			sourceTree = "<group>";
			versionGroupType = wrapper.xcdatamodel;
		};
/* End XCVersionGroup section */
	};
	rootObject = A332D9AB28318F1B0020FC30 /* Project object */;
}
